
Microsoft Visual Studio Solution File, Format Version 12.00
# Visual Studio 15
Project("{FAE04EC0-301F-11D3-BF4B-00C04F79EFBC}") = "Assembly-CSharp", "Assembly-CSharp.csproj", "{AF2DF52A-E762-AAFB-2B12-AFC28B245127}"
EndProject
Project("{FAE04EC0-301F-11D3-BF4B-00C04F79EFBC}") = "OPS.Obfuscator", "OPS.Obfuscator.csproj", "{329ED8B6-E6F5-EB01-C136-8C5BC1AD3278}"
EndProject
Project("{FAE04EC0-301F-11D3-BF4B-00C04F79EFBC}") = "Assembly-CSharp-Editor", "Assembly-CSharp-Editor.csproj", "{A17C5D9D-B014-6DF3-9976-BA138895115C}"
EndProject
Global
	GlobalSection(SolutionConfigurationPlatforms) = preSolution
		Debug|Any CPU = Debug|Any CPU
		Release|Any CPU = Release|Any CPU
	EndGlobalSection
	GlobalSection(ProjectConfigurationPlatforms) = postSolution
		{AF2DF52A-E762-AAFB-2B12-AFC28B245127}.Debug|Any CPU.ActiveCfg = Debug|Any CPU
		{AF2DF52A-E762-AAFB-2B12-AFC28B245127}.Debug|Any CPU.Build.0 = Debug|Any CPU
		{AF2DF52A-E762-AAFB-2B12-AFC28B245127}.Release|Any CPU.ActiveCfg = Release|Any CPU
		{AF2DF52A-E762-AAFB-2B12-AFC28B245127}.Release|Any CPU.Build.0 = Release|Any CPU
		{329ED8B6-E6F5-EB01-C136-8C5BC1AD3278}.Debug|Any CPU.ActiveCfg = Debug|Any CPU
		{329ED8B6-E6F5-EB01-C136-8C5BC1AD3278}.Debug|Any CPU.Build.0 = Debug|Any CPU
		{329ED8B6-E6F5-EB01-C136-8C5BC1AD3278}.Release|Any CPU.ActiveCfg = Release|Any CPU
		{329ED8B6-E6F5-EB01-C136-8C5BC1AD3278}.Release|Any CPU.Build.0 = Release|Any CPU
		{A17C5D9D-B014-6DF3-9976-BA138895115C}.Debug|Any CPU.ActiveCfg = Debug|Any CPU
		{A17C5D9D-B014-6DF3-9976-BA138895115C}.Debug|Any CPU.Build.0 = Debug|Any CPU
		{A17C5D9D-B014-6DF3-9976-BA138895115C}.Release|Any CPU.ActiveCfg = Release|Any CPU
		{A17C5D9D-B014-6DF3-9976-BA138895115C}.Release|Any CPU.Build.0 = Release|Any CPU
	EndGlobalSection
	GlobalSection(SolutionProperties) = preSolution
		HideSolutionNode = FALSE
	EndGlobalSection
EndGlobal
