
Microsoft Visual Studio Solution File, Format Version 12.00
# Visual Studio 15
Project("{FAE04EC0-301F-11D3-BF4B-00C04F79EFBC}") = "Assembly-CSharp", "Assembly-CSharp.csproj", "{B207E3C3-2519-CE71-4C72-9B970481E53B}"
EndProject
Project("{FAE04EC0-301F-11D3-BF4B-00C04F79EFBC}") = "OPS.Obfuscator", "OPS.Obfuscator.csproj", "{12E9FC6F-7BFD-BA1E-B744-800AAFAAE572}"
EndProject
Project("{FAE04EC0-301F-11D3-BF4B-00C04F79EFBC}") = "Assembly-CSharp-Editor", "Assembly-CSharp-Editor.csproj", "{F2F08F11-E779-E10C-2A48-24DF4EF57FD1}"
EndProject
Global
	GlobalSection(SolutionConfigurationPlatforms) = preSolution
		Debug|Any CPU = Debug|Any CPU
		Release|Any CPU = Release|Any CPU
	EndGlobalSection
	GlobalSection(ProjectConfigurationPlatforms) = postSolution
		{B207E3C3-2519-CE71-4C72-9B970481E53B}.Debug|Any CPU.ActiveCfg = Debug|Any CPU
		{B207E3C3-2519-CE71-4C72-9B970481E53B}.Debug|Any CPU.Build.0 = Debug|Any CPU
		{B207E3C3-2519-CE71-4C72-9B970481E53B}.Release|Any CPU.ActiveCfg = Release|Any CPU
		{B207E3C3-2519-CE71-4C72-9B970481E53B}.Release|Any CPU.Build.0 = Release|Any CPU
		{12E9FC6F-7BFD-BA1E-B744-800AAFAAE572}.Debug|Any CPU.ActiveCfg = Debug|Any CPU
		{12E9FC6F-7BFD-BA1E-B744-800AAFAAE572}.Debug|Any CPU.Build.0 = Debug|Any CPU
		{12E9FC6F-7BFD-BA1E-B744-800AAFAAE572}.Release|Any CPU.ActiveCfg = Release|Any CPU
		{12E9FC6F-7BFD-BA1E-B744-800AAFAAE572}.Release|Any CPU.Build.0 = Release|Any CPU
		{F2F08F11-E779-E10C-2A48-24DF4EF57FD1}.Debug|Any CPU.ActiveCfg = Debug|Any CPU
		{F2F08F11-E779-E10C-2A48-24DF4EF57FD1}.Debug|Any CPU.Build.0 = Debug|Any CPU
		{F2F08F11-E779-E10C-2A48-24DF4EF57FD1}.Release|Any CPU.ActiveCfg = Release|Any CPU
		{F2F08F11-E779-E10C-2A48-24DF4EF57FD1}.Release|Any CPU.Build.0 = Release|Any CPU
	EndGlobalSection
	GlobalSection(SolutionProperties) = preSolution
		HideSolutionNode = FALSE
	EndGlobalSection
EndGlobal
